
Microsoft Visual Studio Solution File, Format Version 12.00
# Visual Studio Version 17
VisualStudioVersion = 17.5.002.0
MinimumVisualStudioVersion = 10.0.40219.1
Project("{9A19103F-16F7-4668-BE54-9A1E7A4F7556}") = "ws", "ws.csproj", "{22DEEAB0-89F0-44AA-B715-DC782C3097AD}"
EndProject
Project("{9A19103F-16F7-4668-BE54-9A1E7A4F7556}") = "demo", "test\demo.csproj", "{99E89B3F-4693-4B23-B00C-673E51D90643}"
EndProject
Global
	GlobalSection(SolutionConfigurationPlatforms) = preSolution
		Debug|Any CPU = Debug|Any CPU
		Release|Any CPU = Release|Any CPU
	EndGlobalSection
	GlobalSection(ProjectConfigurationPlatforms) = postSolution
		{22DEEAB0-89F0-44AA-B715-DC782C3097AD}.Debug|Any CPU.ActiveCfg = Debug|Any CPU
		{22DEEAB0-89F0-44AA-B715-DC782C3097AD}.Debug|Any CPU.Build.0 = Debug|Any CPU
		{22DEEAB0-89F0-44AA-B715-DC782C3097AD}.Release|Any CPU.ActiveCfg = Release|Any CPU
		{22DEEAB0-89F0-44AA-B715-DC782C3097AD}.Release|Any CPU.Build.0 = Release|Any CPU
		{99E89B3F-4693-4B23-B00C-673E51D90643}.Debug|Any CPU.ActiveCfg = Debug|Any CPU
		{99E89B3F-4693-4B23-B00C-673E51D90643}.Debug|Any CPU.Build.0 = Debug|Any CPU
		{99E89B3F-4693-4B23-B00C-673E51D90643}.Release|Any CPU.ActiveCfg = Release|Any CPU
		{99E89B3F-4693-4B23-B00C-673E51D90643}.Release|Any CPU.Build.0 = Release|Any CPU
	EndGlobalSection
	GlobalSection(SolutionProperties) = preSolution
		HideSolutionNode = FALSE
	EndGlobalSection
	GlobalSection(ExtensibilityGlobals) = postSolution
		SolutionGuid = {47E861AC-987E-44DE-AA3B-5A7CD0C92472}
	EndGlobalSection
EndGlobal
